
Microsoft Visual Studio Solution File, Format Version 12.00
# Visual Studio Version 16
VisualStudioVersion = 16.0.29609.76
MinimumVisualStudioVersion = 10.0.40219.1
Project("{FAE04EC0-301F-11D3-BF4B-00C04F79EFBC}") = "core", "core\core.csproj", "{B28F409A-21CB-4827-9653-48BAFFAB70FE}"
EndProject
Global
	GlobalSection(SolutionConfigurationPlatforms) = preSolution
		Debug|Any CPU = Debug|Any CPU
		Debug|x64 = Debug|x64
		Release|Any CPU = Release|Any CPU
		Release|x64 = Release|x64
	EndGlobalSection
	GlobalSection(ProjectConfigurationPlatforms) = postSolution
		{B28F409A-21CB-4827-9653-48BAFFAB70FE}.Debug|Any CPU.ActiveCfg = Debug|Any CPU
		{B28F409A-21CB-4827-9653-48BAFFAB70FE}.Debug|Any CPU.Build.0 = Debug|Any CPU
		{B28F409A-21CB-4827-9653-48BAFFAB70FE}.Debug|x64.ActiveCfg = Debug|x64
		{B28F409A-21CB-4827-9653-48BAFFAB70FE}.Debug|x64.Build.0 = Debug|x64
		{B28F409A-21CB-4827-9653-48BAFFAB70FE}.Release|Any CPU.ActiveCfg = Release|Any CPU
		{B28F409A-21CB-4827-9653-48BAFFAB70FE}.Release|Any CPU.Build.0 = Release|Any CPU
		{B28F409A-21CB-4827-9653-48BAFFAB70FE}.Release|x64.ActiveCfg = Release|x64
		{B28F409A-21CB-4827-9653-48BAFFAB70FE}.Release|x64.Build.0 = Release|x64
	EndGlobalSection
	GlobalSection(SolutionProperties) = preSolution
		HideSolutionNode = FALSE
	EndGlobalSection
	GlobalSection(ExtensibilityGlobals) = postSolution
		SolutionGuid = {E1BD0929-DDB9-4790-B272-5777F4F37B8E}
	EndGlobalSection
EndGlobal
